
Microsoft Visual Studio Solution File, Format Version 12.00
# Visual Studio Version 16
VisualStudioVersion = 16.0.29926.136
MinimumVisualStudioVersion = 10.0.40219.1
Project("{8BC9CEB8-8B4A-11D0-8D11-00A0C91BC942}") = "atomina-api", "atomina-dll\atomina-dll.vcxproj", "{FEDD2104-0F4E-4786-921A-1314F684EA59}"
EndProject
Project("{8BC9CEB8-8B4A-11D0-8D11-00A0C91BC942}") = "atomina-game", "atomina-game\atomina-game.vcxproj", "{91F305FD-10D1-492F-9076-A1AAA78B8E72}"
EndProject
Project("{8BC9CEB8-8B4A-11D0-8D11-00A0C91BC942}") = "atomina-test", "atomina-test\atomina-test.vcxproj", "{114839A5-C803-4398-9E21-AF456F1089F7}"
EndProject
Global
	GlobalSection(SolutionConfigurationPlatforms) = preSolution
		Debug|x64 = Debug|x64
		Debug|x86 = Debug|x86
		Release|x64 = Release|x64
		Release|x86 = Release|x86
	EndGlobalSection
	GlobalSection(ProjectConfigurationPlatforms) = postSolution
		{FEDD2104-0F4E-4786-921A-1314F684EA59}.Debug|x64.ActiveCfg = Debug|x64
		{FEDD2104-0F4E-4786-921A-1314F684EA59}.Debug|x64.Build.0 = Debug|x64
		{FEDD2104-0F4E-4786-921A-1314F684EA59}.Debug|x86.ActiveCfg = Debug|Win32
		{FEDD2104-0F4E-4786-921A-1314F684EA59}.Debug|x86.Build.0 = Debug|Win32
		{FEDD2104-0F4E-4786-921A-1314F684EA59}.Release|x64.ActiveCfg = Release|x64
		{FEDD2104-0F4E-4786-921A-1314F684EA59}.Release|x64.Build.0 = Release|x64
		{FEDD2104-0F4E-4786-921A-1314F684EA59}.Release|x86.ActiveCfg = Release|Win32
		{FEDD2104-0F4E-4786-921A-1314F684EA59}.Release|x86.Build.0 = Release|Win32
		{91F305FD-10D1-492F-9076-A1AAA78B8E72}.Debug|x64.ActiveCfg = Debug|x64
		{91F305FD-10D1-492F-9076-A1AAA78B8E72}.Debug|x64.Build.0 = Debug|x64
		{91F305FD-10D1-492F-9076-A1AAA78B8E72}.Debug|x86.ActiveCfg = Debug|Win32
		{91F305FD-10D1-492F-9076-A1AAA78B8E72}.Debug|x86.Build.0 = Debug|Win32
		{91F305FD-10D1-492F-9076-A1AAA78B8E72}.Release|x64.ActiveCfg = Release|x64
		{91F305FD-10D1-492F-9076-A1AAA78B8E72}.Release|x64.Build.0 = Release|x64
		{91F305FD-10D1-492F-9076-A1AAA78B8E72}.Release|x86.ActiveCfg = Release|Win32
		{91F305FD-10D1-492F-9076-A1AAA78B8E72}.Release|x86.Build.0 = Release|Win32
		{114839A5-C803-4398-9E21-AF456F1089F7}.Debug|x64.ActiveCfg = Debug|x64
		{114839A5-C803-4398-9E21-AF456F1089F7}.Debug|x64.Build.0 = Debug|x64
		{114839A5-C803-4398-9E21-AF456F1089F7}.Debug|x86.ActiveCfg = Debug|Win32
		{114839A5-C803-4398-9E21-AF456F1089F7}.Debug|x86.Build.0 = Debug|Win32
		{114839A5-C803-4398-9E21-AF456F1089F7}.Release|x64.ActiveCfg = Release|x64
		{114839A5-C803-4398-9E21-AF456F1089F7}.Release|x64.Build.0 = Release|x64
		{114839A5-C803-4398-9E21-AF456F1089F7}.Release|x86.ActiveCfg = Release|Win32
		{114839A5-C803-4398-9E21-AF456F1089F7}.Release|x86.Build.0 = Release|Win32
	EndGlobalSection
	GlobalSection(SolutionProperties) = preSolution
		HideSolutionNode = FALSE
	EndGlobalSection
	GlobalSection(ExtensibilityGlobals) = postSolution
		SolutionGuid = {DCFF70A1-4A95-4961-BE69-013F2372AE22}
	EndGlobalSection
EndGlobal
