<?xml version="1.0" encoding="utf-8"?>
<Project ToolsVersion="4.0" xmlns="http://schemas.microsoft.com/developer/msbuild/2003">
  <ItemGroup>
    <Filter Include="Resource Files">
      <UniqueIdentifier>{67DA6AB6-F800-4c08-8B7A-83BB121AAD01}</UniqueIdentifier>
      <Extensions>rc;ico;cur;bmp;dlg;rc2;rct;bin;rgs;gif;jpg;jpeg;jpe;resx;tiff;tif;png;wav;mfcribbon-ms</Extensions>
    </Filter>
    <Filter Include="Math">
      <UniqueIdentifier>{4daf55c5-82dc-47e8-b3a0-b53eded377cf}</UniqueIdentifier>
    </Filter>
    <Filter Include="OAS">
      <UniqueIdentifier>{2c4436eb-b2e7-49a5-a47e-2e180c125e9e}</UniqueIdentifier>
    </Filter>
    <Filter Include="Event">
      <UniqueIdentifier>{ad2f1ff6-5594-458f-9332-f41958b22bd7}</UniqueIdentifier>
    </Filter>
    <Filter Include="Network">
      <UniqueIdentifier>{d32894a4-0319-47ba-822e-92c81a0395f2}</UniqueIdentifier>
    </Filter>
    <Filter Include="State">
      <UniqueIdentifier>{a4293d06-3d3d-49f4-a3b5-76f785af6fcb}</UniqueIdentifier>
    </Filter>
    <Filter Include="File">
      <UniqueIdentifier>{fed9c3e9-bb3a-495c-b70e-77cd5554e9d6}</UniqueIdentifier>
    </Filter>
  </ItemGroup>
  <ItemGroup>
    <ClCompile Include="RandomGeneratorTest.cpp">
      <Filter>Math</Filter>
    </ClCompile>
    <ClCompile Include="ObjectManagerTest.cpp">
      <Filter>OAS</Filter>
    </ClCompile>
    <ClCompile Include="SystemManagerTest.cpp">
      <Filter>OAS</Filter>
    </ClCompile>
    <ClCompile Include="NetworkTest.cpp">
      <Filter>Network</Filter>
    </ClCompile>
    <ClCompile Include="StateManagerTest.cpp">
      <Filter>State</Filter>
    </ClCompile>
    <ClCompile Include="MathUtilTest.cpp">
      <Filter>Math</Filter>
    </ClCompile>
    <ClCompile Include="FileTest.cpp">
      <Filter>File</Filter>
    </ClCompile>
    <ClCompile Include="EventManagerTest.cpp">
      <Filter>Event</Filter>
    </ClCompile>
  </ItemGroup>
  <ItemGroup>
    <ClInclude Include="TestState.h">
      <Filter>State</Filter>
    </ClInclude>
    <ClInclude Include="TestSystem.h">
      <Filter>OAS</Filter>
    </ClInclude>
  </ItemGroup>
</Project>