<?xml version="1.0" encoding="utf-8"?>
<Project ToolsVersion="4.0" xmlns="http://schemas.microsoft.com/developer/msbuild/2003">
  <ItemGroup>
    <Filter Include="Resource Files">
      <UniqueIdentifier>{67DA6AB6-F800-4c08-8B7A-83BB121AAD01}</UniqueIdentifier>
      <Extensions>rc;ico;cur;bmp;dlg;rc2;rct;bin;rgs;gif;jpg;jpeg;jpe;resx;tiff;tif;png;wav;mfcribbon-ms</Extensions>
    </Filter>
    <Filter Include="Util">
      <UniqueIdentifier>{bcc3adda-b0f6-4d14-a0b7-0b68feef2924}</UniqueIdentifier>
    </Filter>
    <Filter Include="Math">
      <UniqueIdentifier>{f3cdcf30-765a-4319-ba42-8bc5a5a71159}</UniqueIdentifier>
    </Filter>
    <Filter Include="Core">
      <UniqueIdentifier>{93995380-89BD-4b04-88EB-625FBE52EBFB}</UniqueIdentifier>
      <Extensions>h;hh;hpp;hxx;h++;hm;inl;inc;ipp;xsd</Extensions>
    </Filter>
    <Filter Include="OAS">
      <UniqueIdentifier>{295593f6-c371-4757-9357-e32eb0860e09}</UniqueIdentifier>
    </Filter>
    <Filter Include="Messaging">
      <UniqueIdentifier>{b8d3df73-92d2-4f96-8f97-d5c9e5646e10}</UniqueIdentifier>
    </Filter>
    <Filter Include="OAS\Attributes">
      <UniqueIdentifier>{42ee6b43-f66b-48bf-8e5e-0cb6276219de}</UniqueIdentifier>
    </Filter>
    <Filter Include="OAS\Systems">
      <UniqueIdentifier>{333fec6a-c8cd-437b-9036-d29145ea81c0}</UniqueIdentifier>
    </Filter>
    <Filter Include="Event">
      <UniqueIdentifier>{14cd01ef-ab8d-42bf-b831-a2966ae620ab}</UniqueIdentifier>
    </Filter>
    <Filter Include="Resource">
      <UniqueIdentifier>{8c0fd427-baa1-4e6f-8eea-cf3da335adb3}</UniqueIdentifier>
    </Filter>
    <Filter Include="Network">
      <UniqueIdentifier>{73abe658-678b-4a21-8ede-14d30f145b62}</UniqueIdentifier>
    </Filter>
    <Filter Include="State">
      <UniqueIdentifier>{1b33dafc-f7c1-421a-b414-800bb0c582e7}</UniqueIdentifier>
    </Filter>
    <Filter Include="Util\Log">
      <UniqueIdentifier>{521e2ec7-c1be-4700-b30a-da96a2b5c2fb}</UniqueIdentifier>
    </Filter>
    <Filter Include="File">
      <UniqueIdentifier>{0091b7eb-03b9-4e72-ae76-6d789394d411}</UniqueIdentifier>
    </Filter>
    <Filter Include="Util\Error">
      <UniqueIdentifier>{343428c5-412f-4f8a-9b2d-57c749393085}</UniqueIdentifier>
    </Filter>
    <Filter Include="Graphics">
      <UniqueIdentifier>{959e586b-3f2e-40de-97bc-877605e3c6f9}</UniqueIdentifier>
    </Filter>
    <Filter Include="Graphics\Animation">
      <UniqueIdentifier>{da9bedc8-c911-42c6-8046-5b6f3fa99e0a}</UniqueIdentifier>
    </Filter>
    <Filter Include="Sound">
      <UniqueIdentifier>{bd8116fd-068d-4f06-a556-194e447d08af}</UniqueIdentifier>
    </Filter>
  </ItemGroup>
  <ItemGroup>
    <ClInclude Include="api.h">
      <Filter>Core</Filter>
    </ClInclude>
    <ClInclude Include="Game.h">
      <Filter>Core</Filter>
    </ClInclude>
    <ClInclude Include="Entry.h">
      <Filter>Core</Filter>
    </ClInclude>
    <ClInclude Include="atomina.h" />
    <ClInclude Include="SysUtil.h">
      <Filter>Util</Filter>
    </ClInclude>
    <ClInclude Include="RandomGenerator.h">
      <Filter>Math</Filter>
    </ClInclude>
    <ClInclude Include="AttrBase.h">
      <Filter>OAS</Filter>
    </ClInclude>
    <ClInclude Include="Attribute.h">
      <Filter>OAS</Filter>
    </ClInclude>
    <ClInclude Include="SysBase.h">
      <Filter>OAS</Filter>
    </ClInclude>
    <ClInclude Include="ATConst.h">
      <Filter>Util</Filter>
    </ClInclude>
    <ClInclude Include="System.h">
      <Filter>OAS</Filter>
    </ClInclude>
    <ClInclude Include="SystemManager.h">
      <Filter>OAS</Filter>
    </ClInclude>
    <ClInclude Include="ObjectMessage.h">
      <Filter>OAS</Filter>
    </ClInclude>
    <ClInclude Include="MessageHandler.h">
      <Filter>Messaging</Filter>
    </ClInclude>
    <ClInclude Include="Observer.h">
      <Filter>Messaging</Filter>
    </ClInclude>
    <ClInclude Include="Communicator.h">
      <Filter>Messaging</Filter>
    </ClInclude>
    <ClInclude Include="AttrTranslatable.h">
      <Filter>OAS\Attributes</Filter>
    </ClInclude>
    <ClInclude Include="SysTranslator.h">
      <Filter>OAS\Systems</Filter>
    </ClInclude>
    <ClInclude Include="EventContext.h">
      <Filter>Event</Filter>
    </ClInclude>
    <ClInclude Include="EventManager.h">
      <Filter>Event</Filter>
    </ClInclude>
    <ClInclude Include="ResourceManager.h">
      <Filter>Resource</Filter>
    </ClInclude>
    <ClInclude Include="pch.h" />
    <ClInclude Include="NetworkClient.h">
      <Filter>Network</Filter>
    </ClInclude>
    <ClInclude Include="NetworkHost.h">
      <Filter>Network</Filter>
    </ClInclude>
    <ClInclude Include="BaseState.h">
      <Filter>State</Filter>
    </ClInclude>
    <ClInclude Include="State.h">
      <Filter>State</Filter>
    </ClInclude>
    <ClInclude Include="StateManager.h">
      <Filter>State</Filter>
    </ClInclude>
    <ClInclude Include="Log.h">
      <Filter>Util\Log</Filter>
    </ClInclude>
    <ClInclude Include="Worker.h">
      <Filter>Util</Filter>
    </ClInclude>
    <ClInclude Include="DummyState.h">
      <Filter>State</Filter>
    </ClInclude>
    <ClInclude Include="MathUtil.h">
      <Filter>Math</Filter>
    </ClInclude>
    <ClInclude Include="FileUtil.h">
      <Filter>File</Filter>
    </ClInclude>
    <ClInclude Include="FileHandler.h">
      <Filter>File</Filter>
    </ClInclude>
    <ClInclude Include="Event.h">
      <Filter>Event</Filter>
    </ClInclude>
    <ClInclude Include="Binding.h">
      <Filter>Event</Filter>
    </ClInclude>
    <ClInclude Include="StateSensitive.h">
      <Filter>State</Filter>
    </ClInclude>
    <ClInclude Include="ATMAContext.h">
      <Filter>Core</Filter>
    </ClInclude>
    <ClInclude Include="AtominaException.h">
      <Filter>Util\Error</Filter>
    </ClInclude>
    <ClInclude Include="Window.h">
      <Filter>Graphics</Filter>
    </ClInclude>
    <ClInclude Include="SpriteSheet.h">
      <Filter>Graphics</Filter>
    </ClInclude>
    <ClInclude Include="AnimBase.h">
      <Filter>Graphics</Filter>
    </ClInclude>
    <ClInclude Include="resource.h">
      <Filter>Core</Filter>
    </ClInclude>
    <ClInclude Include="AnimIdle.h">
      <Filter>Graphics\Animation</Filter>
    </ClInclude>
    <ClInclude Include="SoundProperties.h">
      <Filter>Sound</Filter>
    </ClInclude>
    <ClInclude Include="SoundManager.h">
      <Filter>Sound</Filter>
    </ClInclude>
  </ItemGroup>
  <ItemGroup>
    <ClCompile Include="Game.cpp">
      <Filter>Core</Filter>
    </ClCompile>
    <ClCompile Include="SysUtil.cpp">
      <Filter>Util</Filter>
    </ClCompile>
    <ClCompile Include="RandomGenerator.cpp">
      <Filter>Math</Filter>
    </ClCompile>
    <ClCompile Include="ObjectManager.h">
      <Filter>OAS</Filter>
    </ClCompile>
    <ClCompile Include="ObjectManager.cpp">
      <Filter>OAS</Filter>
    </ClCompile>
    <ClCompile Include="AttrTranslatable.cpp">
      <Filter>OAS\Attributes</Filter>
    </ClCompile>
    <ClCompile Include="SystemManager.cpp">
      <Filter>OAS</Filter>
    </ClCompile>
    <ClCompile Include="AttrBase.cpp">
      <Filter>OAS</Filter>
    </ClCompile>
    <ClCompile Include="SysBase.cpp">
      <Filter>OAS</Filter>
    </ClCompile>
    <ClCompile Include="SysTranslator.cpp">
      <Filter>OAS\Systems</Filter>
    </ClCompile>
    <ClCompile Include="pch.cpp" />
    <ClCompile Include="EventManager.cpp">
      <Filter>Event</Filter>
    </ClCompile>
    <ClCompile Include="NetworkClient.cpp">
      <Filter>Network</Filter>
    </ClCompile>
    <ClCompile Include="NetworkHost.cpp">
      <Filter>Network</Filter>
    </ClCompile>
    <ClCompile Include="Log.cpp">
      <Filter>Util\Log</Filter>
    </ClCompile>
    <ClCompile Include="Worker.cpp">
      <Filter>Util</Filter>
    </ClCompile>
    <ClCompile Include="BaseState.cpp">
      <Filter>State</Filter>
    </ClCompile>
    <ClCompile Include="StateManager.cpp">
      <Filter>State</Filter>
    </ClCompile>
    <ClCompile Include="DummyState.cpp">
      <Filter>State</Filter>
    </ClCompile>
    <ClCompile Include="FileHandler.cpp">
      <Filter>File</Filter>
    </ClCompile>
    <ClCompile Include="FileUtil.cpp">
      <Filter>File</Filter>
    </ClCompile>
    <ClCompile Include="MessageHandler.cpp">
      <Filter>Messaging</Filter>
    </ClCompile>
    <ClCompile Include="Window.cpp">
      <Filter>Graphics</Filter>
    </ClCompile>
    <ClCompile Include="Communicator.cpp">
      <Filter>Messaging</Filter>
    </ClCompile>
    <ClCompile Include="AnimBase.cpp">
      <Filter>Graphics</Filter>
    </ClCompile>
    <ClCompile Include="SpriteSheet.cpp">
      <Filter>Graphics</Filter>
    </ClCompile>
    <ClCompile Include="AnimIdle.cpp">
      <Filter>Graphics\Animation</Filter>
    </ClCompile>
    <ClCompile Include="SoundManager.cpp">
      <Filter>Sound</Filter>
    </ClCompile>
  </ItemGroup>
  <ItemGroup>
    <None Include="cpp.hint" />
  </ItemGroup>
  <ItemGroup>
    <ResourceCompile Include="atomina-api.rc">
      <Filter>Resource Files</Filter>
    </ResourceCompile>
  </ItemGroup>
</Project>